// !$*UTF8*$!
{
	archiveVersion = 1;
	classes = {
	};
	objectVersion = 50;
	objects = {

/* Begin PBXBuildFile section */
		975D6EBC2589E57300C02C2C /* MemeTableViewController.swift in Sources */ = {isa = PBXBuildFile; fileRef = 975D6EBB2589E57300C02C2C /* MemeTableViewController.swift */; };
		975D6EBF2589E59400C02C2C /* MemeCollectionViewController.swift in Sources */ = {isa = PBXBuildFile; fileRef = 975D6EBE2589E59400C02C2C /* MemeCollectionViewController.swift */; };
		975D6EC22589E5BE00C02C2C /* NewMemeViewController.swift in Sources */ = {isa = PBXBuildFile; fileRef = 975D6EC12589E5BE00C02C2C /* NewMemeViewController.swift */; };
		975D6EC62589EDE700C02C2C /* Meme.swift in Sources */ = {isa = PBXBuildFile; fileRef = 975D6EC52589EDE700C02C2C /* Meme.swift */; };
		975D6ECA2589F41500C02C2C /* MemeTextFieldDelegate.swift in Sources */ = {isa = PBXBuildFile; fileRef = 975D6EC92589F41500C02C2C /* MemeTextFieldDelegate.swift */; };
		975D6ECE2589F7DF00C02C2C /* ImagePickerDelegate.swift in Sources */ = {isa = PBXBuildFile; fileRef = 975D6ECD2589F7DF00C02C2C /* ImagePickerDelegate.swift */; };
		975D6ED1258A059100C02C2C /* MemeTableViewDelegate.swift in Sources */ = {isa = PBXBuildFile; fileRef = 975D6ED0258A059100C02C2C /* MemeTableViewDelegate.swift */; };
		975D6ED5258AB08E00C02C2C /* MemeCollectionViewDelegate.swift in Sources */ = {isa = PBXBuildFile; fileRef = 975D6ED4258AB08E00C02C2C /* MemeCollectionViewDelegate.swift */; };
		975D6ED8258AE01E00C02C2C /* MemeCollectionViewCell.swift in Sources */ = {isa = PBXBuildFile; fileRef = 975D6ED7258AE01E00C02C2C /* MemeCollectionViewCell.swift */; };
		9781CA372589D4E7008215C2 /* AppDelegate.swift in Sources */ = {isa = PBXBuildFile; fileRef = 9781CA362589D4E7008215C2 /* AppDelegate.swift */; };
		9781CA392589D4E7008215C2 /* SceneDelegate.swift in Sources */ = {isa = PBXBuildFile; fileRef = 9781CA382589D4E7008215C2 /* SceneDelegate.swift */; };
		9781CA3E2589D4E7008215C2 /* Main.storyboard in Resources */ = {isa = PBXBuildFile; fileRef = 9781CA3C2589D4E7008215C2 /* Main.storyboard */; };
		9781CA402589D4EA008215C2 /* Assets.xcassets in Resources */ = {isa = PBXBuildFile; fileRef = 9781CA3F2589D4EA008215C2 /* Assets.xcassets */; };
		9781CA432589D4EA008215C2 /* LaunchScreen.storyboard in Resources */ = {isa = PBXBuildFile; fileRef = 9781CA412589D4EA008215C2 /* LaunchScreen.storyboard */; };
/* End PBXBuildFile section */

/* Begin PBXFileReference section */
		975D6EBB2589E57300C02C2C /* MemeTableViewController.swift */ = {isa = PBXFileReference; lastKnownFileType = sourcecode.swift; path = MemeTableViewController.swift; sourceTree = "<group>"; };
		975D6EBE2589E59400C02C2C /* MemeCollectionViewController.swift */ = {isa = PBXFileReference; lastKnownFileType = sourcecode.swift; path = MemeCollectionViewController.swift; sourceTree = "<group>"; };
		975D6EC12589E5BE00C02C2C /* NewMemeViewController.swift */ = {isa = PBXFileReference; lastKnownFileType = sourcecode.swift; path = NewMemeViewController.swift; sourceTree = "<group>"; };
		975D6EC52589EDE700C02C2C /* Meme.swift */ = {isa = PBXFileReference; lastKnownFileType = sourcecode.swift; path = Meme.swift; sourceTree = "<group>"; };
		975D6EC92589F41500C02C2C /* MemeTextFieldDelegate.swift */ = {isa = PBXFileReference; fileEncoding = 4; lastKnownFileType = sourcecode.swift; path = MemeTextFieldDelegate.swift; sourceTree = "<group>"; };
		975D6ECD2589F7DF00C02C2C /* ImagePickerDelegate.swift */ = {isa = PBXFileReference; lastKnownFileType = sourcecode.swift; path = ImagePickerDelegate.swift; sourceTree = "<group>"; };
		975D6ED0258A059100C02C2C /* MemeTableViewDelegate.swift */ = {isa = PBXFileReference; lastKnownFileType = sourcecode.swift; path = MemeTableViewDelegate.swift; sourceTree = "<group>"; };
		975D6ED4258AB08E00C02C2C /* MemeCollectionViewDelegate.swift */ = {isa = PBXFileReference; lastKnownFileType = sourcecode.swift; path = MemeCollectionViewDelegate.swift; sourceTree = "<group>"; };
		975D6ED7258AE01E00C02C2C /* MemeCollectionViewCell.swift */ = {isa = PBXFileReference; lastKnownFileType = sourcecode.swift; path = MemeCollectionViewCell.swift; sourceTree = "<group>"; };
		9781CA332589D4E7008215C2 /* Meme Me.app */ = {isa = PBXFileReference; explicitFileType = wrapper.application; includeInIndex = 0; path = "Meme Me.app"; sourceTree = BUILT_PRODUCTS_DIR; };
		9781CA362589D4E7008215C2 /* AppDelegate.swift */ = {isa = PBXFileReference; lastKnownFileType = sourcecode.swift; path = AppDelegate.swift; sourceTree = "<group>"; };
		9781CA382589D4E7008215C2 /* SceneDelegate.swift */ = {isa = PBXFileReference; lastKnownFileType = sourcecode.swift; path = SceneDelegate.swift; sourceTree = "<group>"; };
		9781CA3D2589D4E7008215C2 /* Base */ = {isa = PBXFileReference; lastKnownFileType = file.storyboard; name = Base; path = Base.lproj/Main.storyboard; sourceTree = "<group>"; };
		9781CA3F2589D4EA008215C2 /* Assets.xcassets */ = {isa = PBXFileReference; lastKnownFileType = folder.assetcatalog; path = Assets.xcassets; sourceTree = "<group>"; };
		9781CA422589D4EA008215C2 /* Base */ = {isa = PBXFileReference; lastKnownFileType = file.storyboard; name = Base; path = Base.lproj/LaunchScreen.storyboard; sourceTree = "<group>"; };
		9781CA442589D4EA008215C2 /* Info.plist */ = {isa = PBXFileReference; lastKnownFileType = text.plist.xml; path = Info.plist; sourceTree = "<group>"; };
/* End PBXFileReference section */

/* Begin PBXFrameworksBuildPhase section */
		9781CA302589D4E7008215C2 /* Frameworks */ = {
			isa = PBXFrameworksBuildPhase;
			buildActionMask = 2147483647;
			files = (
			);
			runOnlyForDeploymentPostprocessing = 0;
		};
/* End PBXFrameworksBuildPhase section */

/* Begin PBXGroup section */
		975D6EB62589E4B700C02C2C /* TextFieldDelegates */ = {
			isa = PBXGroup;
			children = (
				975D6EC92589F41500C02C2C /* MemeTextFieldDelegate.swift */,
			);
			path = TextFieldDelegates;
			sourceTree = "<group>";
		};
		975D6EB72589E4C600C02C2C /* TableViewDelegates */ = {
			isa = PBXGroup;
			children = (
				975D6ED0258A059100C02C2C /* MemeTableViewDelegate.swift */,
			);
			path = TableViewDelegates;
			sourceTree = "<group>";
		};
		975D6EB82589E4E900C02C2C /* CollectionVIewDelegates */ = {
			isa = PBXGroup;
			children = (
				975D6ED4258AB08E00C02C2C /* MemeCollectionViewDelegate.swift */,
			);
			path = CollectionVIewDelegates;
			sourceTree = "<group>";
		};
		975D6EC42589EDA700C02C2C /* Model */ = {
			isa = PBXGroup;
			children = (
				975D6EC52589EDE700C02C2C /* Meme.swift */,
				975D6ED7258AE01E00C02C2C /* MemeCollectionViewCell.swift */,
			);
			path = Model;
			sourceTree = "<group>";
		};
		975D6ECC2589F7BF00C02C2C /* ImagePickerDelegates */ = {
			isa = PBXGroup;
			children = (
				975D6ECD2589F7DF00C02C2C /* ImagePickerDelegate.swift */,
			);
			path = ImagePickerDelegates;
			sourceTree = "<group>";
		};
		9781CA2A2589D4E7008215C2 = {
			isa = PBXGroup;
			children = (
				9781CA352589D4E7008215C2 /* Meme Me */,
				9781CA342589D4E7008215C2 /* Products */,
			);
			sourceTree = "<group>";
		};
		9781CA342589D4E7008215C2 /* Products */ = {
			isa = PBXGroup;
			children = (
				9781CA332589D4E7008215C2 /* Meme Me.app */,
			);
			name = Products;
			sourceTree = "<group>";
		};
		9781CA352589D4E7008215C2 /* Meme Me */ = {
			isa = PBXGroup;
			children = (
				975D6ECC2589F7BF00C02C2C /* ImagePickerDelegates */,
				975D6EC42589EDA700C02C2C /* Model */,
				975D6EB82589E4E900C02C2C /* CollectionVIewDelegates */,
				975D6EB72589E4C600C02C2C /* TableViewDelegates */,
				975D6EB62589E4B700C02C2C /* TextFieldDelegates */,
				9781CA362589D4E7008215C2 /* AppDelegate.swift */,
				9781CA382589D4E7008215C2 /* SceneDelegate.swift */,
				9781CA3C2589D4E7008215C2 /* Main.storyboard */,
				9781CA3F2589D4EA008215C2 /* Assets.xcassets */,
				9781CA412589D4EA008215C2 /* LaunchScreen.storyboard */,
				9781CA442589D4EA008215C2 /* Info.plist */,
				975D6EBB2589E57300C02C2C /* MemeTableViewController.swift */,
				975D6EBE2589E59400C02C2C /* MemeCollectionViewController.swift */,
				975D6EC12589E5BE00C02C2C /* NewMemeViewController.swift */,
			);
			path = "Meme Me";
			sourceTree = "<group>";
		};
/* End PBXGroup section */

/* Begin PBXNativeTarget section */
		9781CA322589D4E7008215C2 /* Meme Me */ = {
			isa = PBXNativeTarget;
			buildConfigurationList = 9781CA472589D4EA008215C2 /* Build configuration list for PBXNativeTarget "Meme Me" */;
			buildPhases = (
				9781CA2F2589D4E7008215C2 /* Sources */,
				9781CA302589D4E7008215C2 /* Frameworks */,
				9781CA312589D4E7008215C2 /* Resources */,
			);
			buildRules = (
			);
			dependencies = (
			);
			name = "Meme Me";
			productName = "Meme Me";
			productReference = 9781CA332589D4E7008215C2 /* Meme Me.app */;
			productType = "com.apple.product-type.application";
		};
/* End PBXNativeTarget section */

/* Begin PBXProject section */
		9781CA2B2589D4E7008215C2 /* Project object */ = {
			isa = PBXProject;
			attributes = {
				LastSwiftUpdateCheck = 1220;
				LastUpgradeCheck = 1220;
				TargetAttributes = {
					9781CA322589D4E7008215C2 = {
						CreatedOnToolsVersion = 12.2;
					};
				};
			};
			buildConfigurationList = 9781CA2E2589D4E7008215C2 /* Build configuration list for PBXProject "Meme Me" */;
			compatibilityVersion = "Xcode 9.3";
			developmentRegion = en;
			hasScannedForEncodings = 0;
			knownRegions = (
				en,
				Base,
			);
			mainGroup = 9781CA2A2589D4E7008215C2;
			productRefGroup = 9781CA342589D4E7008215C2 /* Products */;
			projectDirPath = "";
			projectRoot = "";
			targets = (
				9781CA322589D4E7008215C2 /* Meme Me */,
			);
		};
/* End PBXProject section */

/* Begin PBXResourcesBuildPhase section */
		9781CA312589D4E7008215C2 /* Resources */ = {
			isa = PBXResourcesBuildPhase;
			buildActionMask = 2147483647;
			files = (
				9781CA432589D4EA008215C2 /* LaunchScreen.storyboard in Resources */,
				9781CA402589D4EA008215C2 /* Assets.xcassets in Resources */,
				9781CA3E2589D4E7008215C2 /* Main.storyboard in Resources */,
			);
			runOnlyForDeploymentPostprocessing = 0;
		};
/* End PBXResourcesBuildPhase section */

/* Begin PBXSourcesBuildPhase section */
		9781CA2F2589D4E7008215C2 /* Sources */ = {
			isa = PBXSourcesBuildPhase;
			buildActionMask = 2147483647;
			files = (
				975D6ECE2589F7DF00C02C2C /* ImagePickerDelegate.swift in Sources */,
				975D6EBF2589E59400C02C2C /* MemeCollectionViewController.swift in Sources */,
				975D6ED1258A059100C02C2C /* MemeTableViewDelegate.swift in Sources */,
				975D6EBC2589E57300C02C2C /* MemeTableViewController.swift in Sources */,
				975D6ED8258AE01E00C02C2C /* MemeCollectionViewCell.swift in Sources */,
				975D6ED5258AB08E00C02C2C /* MemeCollectionViewDelegate.swift in Sources */,
				9781CA372589D4E7008215C2 /* AppDelegate.swift in Sources */,
				975D6EC62589EDE700C02C2C /* Meme.swift in Sources */,
				975D6ECA2589F41500C02C2C /* MemeTextFieldDelegate.swift in Sources */,
				9781CA392589D4E7008215C2 /* SceneDelegate.swift in Sources */,
				975D6EC22589E5BE00C02C2C /* NewMemeViewController.swift in Sources */,
			);
			runOnlyForDeploymentPostprocessing = 0;
		};
/* End PBXSourcesBuildPhase section */

/* Begin PBXVariantGroup section */
		9781CA3C2589D4E7008215C2 /* Main.storyboard */ = {
			isa = PBXVariantGroup;
			children = (
				9781CA3D2589D4E7008215C2 /* Base */,
			);
			name = Main.storyboard;
			sourceTree = "<group>";
		};
		9781CA412589D4EA008215C2 /* LaunchScreen.storyboard */ = {
			isa = PBXVariantGroup;
			children = (
				9781CA422589D4EA008215C2 /* Base */,
			);
			name = LaunchScreen.storyboard;
			sourceTree = "<group>";
		};
/* End PBXVariantGroup section */

/* Begin XCBuildConfiguration section */
		9781CA452589D4EA008215C2 /* Debug */ = {
			isa = XCBuildConfiguration;
			buildSettings = {
				ALWAYS_SEARCH_USER_PATHS = NO;
				CLANG_ANALYZER_NONNULL = YES;
				CLANG_ANALYZER_NUMBER_OBJECT_CONVERSION = YES_AGGRESSIVE;
				CLANG_CXX_LANGUAGE_STANDARD = "gnu++14";
				CLANG_CXX_LIBRARY = "libc++";
				CLANG_ENABLE_MODULES = YES;
				CLANG_ENABLE_OBJC_ARC = YES;
				CLANG_ENABLE_OBJC_WEAK = YES;
				CLANG_WARN_BLOCK_CAPTURE_AUTORELEASING = YES;
				CLANG_WARN_BOOL_CONVERSION = YES;
				CLANG_WARN_COMMA = YES;
				CLANG_WARN_CONSTANT_CONVERSION = YES;
				CLANG_WARN_DEPRECATED_OBJC_IMPLEMENTATIONS = YES;
				CLANG_WARN_DIRECT_OBJC_ISA_USAGE = YES_ERROR;
				CLANG_WARN_DOCUMENTATION_COMMENTS = YES;
				CLANG_WARN_EMPTY_BODY = YES;
				CLANG_WARN_ENUM_CONVERSION = YES;
				CLANG_WARN_INFINITE_RECURSION = YES;
				CLANG_WARN_INT_CONVERSION = YES;
				CLANG_WARN_NON_LITERAL_NULL_CONVERSION = YES;
				CLANG_WARN_OBJC_IMPLICIT_RETAIN_SELF = YES;
				CLANG_WARN_OBJC_LITERAL_CONVERSION = YES;
				CLANG_WARN_OBJC_ROOT_CLASS = YES_ERROR;
				CLANG_WARN_QUOTED_INCLUDE_IN_FRAMEWORK_HEADER = YES;
				CLANG_WARN_RANGE_LOOP_ANALYSIS = YES;
				CLANG_WARN_STRICT_PROTOTYPES = YES;
				CLANG_WARN_SUSPICIOUS_MOVE = YES;
				CLANG_WARN_UNGUARDED_AVAILABILITY = YES_AGGRESSIVE;
				CLANG_WARN_UNREACHABLE_CODE = YES;
				CLANG_WARN__DUPLICATE_METHOD_MATCH = YES;
				COPY_PHASE_STRIP = NO;
				DEBUG_INFORMATION_FORMAT = dwarf;
				ENABLE_STRICT_OBJC_MSGSEND = YES;
				ENABLE_TESTABILITY = YES;
				GCC_C_LANGUAGE_STANDARD = gnu11;
				GCC_DYNAMIC_NO_PIC = NO;
				GCC_NO_COMMON_BLOCKS = YES;
				GCC_OPTIMIZATION_LEVEL = 0;
				GCC_PREPROCESSOR_DEFINITIONS = (
					"DEBUG=1",
					"$(inherited)",
				);
				GCC_WARN_64_TO_32_BIT_CONVERSION = YES;
				GCC_WARN_ABOUT_RETURN_TYPE = YES_ERROR;
				GCC_WARN_UNDECLARED_SELECTOR = YES;
				GCC_WARN_UNINITIALIZED_AUTOS = YES_AGGRESSIVE;
				GCC_WARN_UNUSED_FUNCTION = YES;
				GCC_WARN_UNUSED_VARIABLE = YES;
				IPHONEOS_DEPLOYMENT_TARGET = 14.2;
				MTL_ENABLE_DEBUG_INFO = INCLUDE_SOURCE;
				MTL_FAST_MATH = YES;
				ONLY_ACTIVE_ARCH = YES;
				SDKROOT = iphoneos;
				SWIFT_ACTIVE_COMPILATION_CONDITIONS = DEBUG;
				SWIFT_OPTIMIZATION_LEVEL = "-Onone";
			};
			name = Debug;
		};
		9781CA462589D4EA008215C2 /* Release */ = {
			isa = XCBuildConfiguration;
			buildSettings = {
				ALWAYS_SEARCH_USER_PATHS = NO;
				CLANG_ANALYZER_NONNULL = YES;
				CLANG_ANALYZER_NUMBER_OBJECT_CONVERSION = YES_AGGRESSIVE;
				CLANG_CXX_LANGUAGE_STANDARD = "gnu++14";
				CLANG_CXX_LIBRARY = "libc++";
				CLANG_ENABLE_MODULES = YES;
				CLANG_ENABLE_OBJC_ARC = YES;
				CLANG_ENABLE_OBJC_WEAK = YES;
				CLANG_WARN_BLOCK_CAPTURE_AUTORELEASING = YES;
				CLANG_WARN_BOOL_CONVERSION = YES;
				CLANG_WARN_COMMA = YES;
				CLANG_WARN_CONSTANT_CONVERSION = YES;
				CLANG_WARN_DEPRECATED_OBJC_IMPLEMENTATIONS = YES;
				CLANG_WARN_DIRECT_OBJC_ISA_USAGE = YES_ERROR;
				CLANG_WARN_DOCUMENTATION_COMMENTS = YES;
				CLANG_WARN_EMPTY_BODY = YES;
				CLANG_WARN_ENUM_CONVERSION = YES;
				CLANG_WARN_INFINITE_RECURSION = YES;
				CLANG_WARN_INT_CONVERSION = YES;
				CLANG_WARN_NON_LITERAL_NULL_CONVERSION = YES;
				CLANG_WARN_OBJC_IMPLICIT_RETAIN_SELF = YES;
				CLANG_WARN_OBJC_LITERAL_CONVERSION = YES;
				CLANG_WARN_OBJC_ROOT_CLASS = YES_ERROR;
				CLANG_WARN_QUOTED_INCLUDE_IN_FRAMEWORK_HEADER = YES;
				CLANG_WARN_RANGE_LOOP_ANALYSIS = YES;
				CLANG_WARN_STRICT_PROTOTYPES = YES;
				CLANG_WARN_SUSPICIOUS_MOVE = YES;
				CLANG_WARN_UNGUARDED_AVAILABILITY = YES_AGGRESSIVE;
				CLANG_WARN_UNREACHABLE_CODE = YES;
				CLANG_WARN__DUPLICATE_METHOD_MATCH = YES;
				COPY_PHASE_STRIP = NO;
				DEBUG_INFORMATION_FORMAT = "dwarf-with-dsym";
				ENABLE_NS_ASSERTIONS = NO;
				ENABLE_STRICT_OBJC_MSGSEND = YES;
				GCC_C_LANGUAGE_STANDARD = gnu11;
				GCC_NO_COMMON_BLOCKS = YES;
				GCC_WARN_64_TO_32_BIT_CONVERSION = YES;
				GCC_WARN_ABOUT_RETURN_TYPE = YES_ERROR;
				GCC_WARN_UNDECLARED_SELECTOR = YES;
				GCC_WARN_UNINITIALIZED_AUTOS = YES_AGGRESSIVE;
				GCC_WARN_UNUSED_FUNCTION = YES;
				GCC_WARN_UNUSED_VARIABLE = YES;
				IPHONEOS_DEPLOYMENT_TARGET = 14.2;
				MTL_ENABLE_DEBUG_INFO = NO;
				MTL_FAST_MATH = YES;
				SDKROOT = iphoneos;
				SWIFT_COMPILATION_MODE = wholemodule;
				SWIFT_OPTIMIZATION_LEVEL = "-O";
				VALIDATE_PRODUCT = YES;
			};
			name = Release;
		};
		9781CA482589D4EA008215C2 /* Debug */ = {
			isa = XCBuildConfiguration;
			buildSettings = {
				ASSETCATALOG_COMPILER_APPICON_NAME = AppIcon;
				ASSETCATALOG_COMPILER_GLOBAL_ACCENT_COLOR_NAME = AccentColor;
				CODE_SIGN_STYLE = Automatic;
				DEVELOPMENT_TEAM = SPS4VR96JK;
				INFOPLIST_FILE = "Meme Me/Info.plist";
				LD_RUNPATH_SEARCH_PATHS = (
					"$(inherited)",
					"@executable_path/Frameworks",
				);
				PRODUCT_BUNDLE_IDENTIFIER = "htq.Meme-Me";
				PRODUCT_NAME = "$(TARGET_NAME)";
				SWIFT_VERSION = 5.0;
				TARGETED_DEVICE_FAMILY = "1,2";
			};
			name = Debug;
		};
		9781CA492589D4EA008215C2 /* Release */ = {
			isa = XCBuildConfiguration;
			buildSettings = {
				ASSETCATALOG_COMPILER_APPICON_NAME = AppIcon;
				ASSETCATALOG_COMPILER_GLOBAL_ACCENT_COLOR_NAME = AccentColor;
				CODE_SIGN_STYLE = Automatic;
				DEVELOPMENT_TEAM = SPS4VR96JK;
				INFOPLIST_FILE = "Meme Me/Info.plist";
				LD_RUNPATH_SEARCH_PATHS = (
					"$(inherited)",
					"@executable_path/Frameworks",
				);
				PRODUCT_BUNDLE_IDENTIFIER = "htq.Meme-Me";
				PRODUCT_NAME = "$(TARGET_NAME)";
				SWIFT_VERSION = 5.0;
				TARGETED_DEVICE_FAMILY = "1,2";
			};
			name = Release;
		};
/* End XCBuildConfiguration section */

/* Begin XCConfigurationList section */
		9781CA2E2589D4E7008215C2 /* Build configuration list for PBXProject "Meme Me" */ = {
			isa = XCConfigurationList;
			buildConfigurations = (
				9781CA452589D4EA008215C2 /* Debug */,
				9781CA462589D4EA008215C2 /* Release */,
			);
			defaultConfigurationIsVisible = 0;
			defaultConfigurationName = Release;
		};
		9781CA472589D4EA008215C2 /* Build configuration list for PBXNativeTarget "Meme Me" */ = {
			isa = XCConfigurationList;
			buildConfigurations = (
				9781CA482589D4EA008215C2 /* Debug */,
				9781CA492589D4EA008215C2 /* Release */,
			);
			defaultConfigurationIsVisible = 0;
			defaultConfigurationName = Release;
		};
/* End XCConfigurationList section */
	};
	rootObject = 9781CA2B2589D4E7008215C2 /* Project object */;
}
